// !$*UTF8*$!
{
	archiveVersion = 1;
	classes = {
	};
	objectVersion = 50;
	objects = {

/* Begin PBXBuildFile section */
		8582C45B2496EEC100E980C0 /* AppDelegate.swift in Sources */ = {isa = PBXBuildFile; fileRef = 8582C45A2496EEC100E980C0 /* AppDelegate.swift */; };
		8582C45D2496EEC100E980C0 /* SceneDelegate.swift in Sources */ = {isa = PBXBuildFile; fileRef = 8582C45C2496EEC100E980C0 /* SceneDelegate.swift */; };
		8582C45F2496EEC100E980C0 /* ContentView.swift in Sources */ = {isa = PBXBuildFile; fileRef = 8582C45E2496EEC100E980C0 /* ContentView.swift */; };
		8582C4612496EEC600E980C0 /* Assets.xcassets in Resources */ = {isa = PBXBuildFile; fileRef = 8582C4602496EEC600E980C0 /* Assets.xcassets */; };
		8582C4642496EEC600E980C0 /* Preview Assets.xcassets in Resources */ = {isa = PBXBuildFile; fileRef = 8582C4632496EEC600E980C0 /* Preview Assets.xcassets */; };
		8582C4672496EEC600E980C0 /* LaunchScreen.storyboard in Resources */ = {isa = PBXBuildFile; fileRef = 8582C4652496EEC600E980C0 /* LaunchScreen.storyboard */; };
		8582C4732497024500E980C0 /* MathView.swift in Sources */ = {isa = PBXBuildFile; fileRef = 8582C4722497024500E980C0 /* MathView.swift */; };
		8582C475249702D600E980C0 /* SpellingView.swift in Sources */ = {isa = PBXBuildFile; fileRef = 8582C474249702D600E980C0 /* SpellingView.swift */; };
		8582C4772497038100E980C0 /* MotherView.swift in Sources */ = {isa = PBXBuildFile; fileRef = 8582C4762497038100E980C0 /* MotherView.swift */; };
		8582C4792497083F00E980C0 /* ViewRouter.swift in Sources */ = {isa = PBXBuildFile; fileRef = 8582C4782497083F00E980C0 /* ViewRouter.swift */; };
		8582C47B24970DE800E980C0 /* HomeView.swift in Sources */ = {isa = PBXBuildFile; fileRef = 8582C47A24970DE800E980C0 /* HomeView.swift */; };
		8582C47D24970FFD00E980C0 /* InfoView.swift in Sources */ = {isa = PBXBuildFile; fileRef = 8582C47C24970FFD00E980C0 /* InfoView.swift */; };
/* End PBXBuildFile section */

/* Begin PBXFileReference section */
		8582C4572496EEC100E980C0 /* FindTheAnswer.app */ = {isa = PBXFileReference; explicitFileType = wrapper.application; includeInIndex = 0; path = FindTheAnswer.app; sourceTree = BUILT_PRODUCTS_DIR; };
		8582C45A2496EEC100E980C0 /* AppDelegate.swift */ = {isa = PBXFileReference; lastKnownFileType = sourcecode.swift; path = AppDelegate.swift; sourceTree = "<group>"; };
		8582C45C2496EEC100E980C0 /* SceneDelegate.swift */ = {isa = PBXFileReference; lastKnownFileType = sourcecode.swift; path = SceneDelegate.swift; sourceTree = "<group>"; };
		8582C45E2496EEC100E980C0 /* ContentView.swift */ = {isa = PBXFileReference; lastKnownFileType = sourcecode.swift; path = ContentView.swift; sourceTree = "<group>"; };
		8582C4602496EEC600E980C0 /* Assets.xcassets */ = {isa = PBXFileReference; lastKnownFileType = folder.assetcatalog; path = Assets.xcassets; sourceTree = "<group>"; };
		8582C4632496EEC600E980C0 /* Preview Assets.xcassets */ = {isa = PBXFileReference; lastKnownFileType = folder.assetcatalog; path = "Preview Assets.xcassets"; sourceTree = "<group>"; };
		8582C4662496EEC600E980C0 /* Base */ = {isa = PBXFileReference; lastKnownFileType = file.storyboard; name = Base; path = Base.lproj/LaunchScreen.storyboard; sourceTree = "<group>"; };
		8582C4682496EEC600E980C0 /* Info.plist */ = {isa = PBXFileReference; lastKnownFileType = text.plist.xml; path = Info.plist; sourceTree = "<group>"; };
		8582C4722497024500E980C0 /* MathView.swift */ = {isa = PBXFileReference; lastKnownFileType = sourcecode.swift; path = MathView.swift; sourceTree = "<group>"; };
		8582C474249702D600E980C0 /* SpellingView.swift */ = {isa = PBXFileReference; lastKnownFileType = sourcecode.swift; path = SpellingView.swift; sourceTree = "<group>"; };
		8582C4762497038100E980C0 /* MotherView.swift */ = {isa = PBXFileReference; lastKnownFileType = sourcecode.swift; path = MotherView.swift; sourceTree = "<group>"; };
		8582C4782497083F00E980C0 /* ViewRouter.swift */ = {isa = PBXFileReference; lastKnownFileType = sourcecode.swift; path = ViewRouter.swift; sourceTree = "<group>"; };
		8582C47A24970DE800E980C0 /* HomeView.swift */ = {isa = PBXFileReference; lastKnownFileType = sourcecode.swift; path = HomeView.swift; sourceTree = "<group>"; };
		8582C47C24970FFD00E980C0 /* InfoView.swift */ = {isa = PBXFileReference; lastKnownFileType = sourcecode.swift; path = InfoView.swift; sourceTree = "<group>"; };
/* End PBXFileReference section */

/* Begin PBXFrameworksBuildPhase section */
		8582C4542496EEC100E980C0 /* Frameworks */ = {
			isa = PBXFrameworksBuildPhase;
			buildActionMask = 2147483647;
			files = (
			);
			runOnlyForDeploymentPostprocessing = 0;
		};
/* End PBXFrameworksBuildPhase section */

/* Begin PBXGroup section */
		8582C44E2496EEC100E980C0 = {
			isa = PBXGroup;
			children = (
				8582C4592496EEC100E980C0 /* FindTheAnswer */,
				8582C4582496EEC100E980C0 /* Products */,
			);
			sourceTree = "<group>";
		};
		8582C4582496EEC100E980C0 /* Products */ = {
			isa = PBXGroup;
			children = (
				8582C4572496EEC100E980C0 /* FindTheAnswer.app */,
			);
			name = Products;
			sourceTree = "<group>";
		};
		8582C4592496EEC100E980C0 /* FindTheAnswer */ = {
			isa = PBXGroup;
			children = (
				8582C45A2496EEC100E980C0 /* AppDelegate.swift */,
				8582C45C2496EEC100E980C0 /* SceneDelegate.swift */,
				8582C45E2496EEC100E980C0 /* ContentView.swift */,
				8582C4602496EEC600E980C0 /* Assets.xcassets */,
				8582C4652496EEC600E980C0 /* LaunchScreen.storyboard */,
				8582C4682496EEC600E980C0 /* Info.plist */,
				8582C4622496EEC600E980C0 /* Preview Content */,
				8582C474249702D600E980C0 /* SpellingView.swift */,
				8582C4722497024500E980C0 /* MathView.swift */,
				8582C4762497038100E980C0 /* MotherView.swift */,
				8582C4782497083F00E980C0 /* ViewRouter.swift */,
				8582C47A24970DE800E980C0 /* HomeView.swift */,
				8582C47C24970FFD00E980C0 /* InfoView.swift */,
			);
			path = FindTheAnswer;
			sourceTree = "<group>";
		};
		8582C4622496EEC600E980C0 /* Preview Content */ = {
			isa = PBXGroup;
			children = (
				8582C4632496EEC600E980C0 /* Preview Assets.xcassets */,
			);
			path = "Preview Content";
			sourceTree = "<group>";
		};
/* End PBXGroup section */

/* Begin PBXNativeTarget section */
		8582C4562496EEC100E980C0 /* FindTheAnswer */ = {
			isa = PBXNativeTarget;
			buildConfigurationList = 8582C46B2496EEC600E980C0 /* Build configuration list for PBXNativeTarget "FindTheAnswer" */;
			buildPhases = (
				8582C4532496EEC100E980C0 /* Sources */,
				8582C4542496EEC100E980C0 /* Frameworks */,
				8582C4552496EEC100E980C0 /* Resources */,
			);
			buildRules = (
			);
			dependencies = (
			);
			name = FindTheAnswer;
			productName = FindTheAnswer;
			productReference = 8582C4572496EEC100E980C0 /* FindTheAnswer.app */;
			productType = "com.apple.product-type.application";
		};
/* End PBXNativeTarget section */

/* Begin PBXProject section */
		8582C44F2496EEC100E980C0 /* Project object */ = {
			isa = PBXProject;
			attributes = {
				LastSwiftUpdateCheck = 1130;
				LastUpgradeCheck = 1130;
				ORGANIZATIONNAME = "Mario Alvarado";
				TargetAttributes = {
					8582C4562496EEC100E980C0 = {
						CreatedOnToolsVersion = 11.3.1;
					};
				};
			};
			buildConfigurationList = 8582C4522496EEC100E980C0 /* Build configuration list for PBXProject "FindTheAnswer" */;
			compatibilityVersion = "Xcode 9.3";
			developmentRegion = en;
			hasScannedForEncodings = 0;
			knownRegions = (
				en,
				Base,
			);
			mainGroup = 8582C44E2496EEC100E980C0;
			productRefGroup = 8582C4582496EEC100E980C0 /* Products */;
			projectDirPath = "";
			projectRoot = "";
			targets = (
				8582C4562496EEC100E980C0 /* FindTheAnswer */,
			);
		};
/* End PBXProject section */

/* Begin PBXResourcesBuildPhase section */
		8582C4552496EEC100E980C0 /* Resources */ = {
			isa = PBXResourcesBuildPhase;
			buildActionMask = 2147483647;
			files = (
				8582C4672496EEC600E980C0 /* LaunchScreen.storyboard in Resources */,
				8582C4642496EEC600E980C0 /* Preview Assets.xcassets in Resources */,
				8582C4612496EEC600E980C0 /* Assets.xcassets in Resources */,
			);
			runOnlyForDeploymentPostprocessing = 0;
		};
/* End PBXResourcesBuildPhase section */

/* Begin PBXSourcesBuildPhase section */
		8582C4532496EEC100E980C0 /* Sources */ = {
			isa = PBXSourcesBuildPhase;
			buildActionMask = 2147483647;
			files = (
				8582C475249702D600E980C0 /* SpellingView.swift in Sources */,
				8582C4792497083F00E980C0 /* ViewRouter.swift in Sources */,
				8582C4772497038100E980C0 /* MotherView.swift in Sources */,
				8582C45B2496EEC100E980C0 /* AppDelegate.swift in Sources */,
				8582C45D2496EEC100E980C0 /* SceneDelegate.swift in Sources */,
				8582C47B24970DE800E980C0 /* HomeView.swift in Sources */,
				8582C45F2496EEC100E980C0 /* ContentView.swift in Sources */,
				8582C47D24970FFD00E980C0 /* InfoView.swift in Sources */,
				8582C4732497024500E980C0 /* MathView.swift in Sources */,
			);
			runOnlyForDeploymentPostprocessing = 0;
		};
/* End PBXSourcesBuildPhase section */

/* Begin PBXVariantGroup section */
		8582C4652496EEC600E980C0 /* LaunchScreen.storyboard */ = {
			isa = PBXVariantGroup;
			children = (
				8582C4662496EEC600E980C0 /* Base */,
			);
			name = LaunchScreen.storyboard;
			sourceTree = "<group>";
		};
/* End PBXVariantGroup section */

/* Begin XCBuildConfiguration section */
		8582C4692496EEC600E980C0 /* Debug */ = {
			isa = XCBuildConfiguration;
			buildSettings = {
				ALWAYS_SEARCH_USER_PATHS = NO;
				CLANG_ANALYZER_NONNULL = YES;
				CLANG_ANALYZER_NUMBER_OBJECT_CONVERSION = YES_AGGRESSIVE;
				CLANG_CXX_LANGUAGE_STANDARD = "gnu++14";
				CLANG_CXX_LIBRARY = "libc++";
				CLANG_ENABLE_MODULES = YES;
				CLANG_ENABLE_OBJC_ARC = YES;
				CLANG_ENABLE_OBJC_WEAK = YES;
				CLANG_WARN_BLOCK_CAPTURE_AUTORELEASING = YES;
				CLANG_WARN_BOOL_CONVERSION = YES;
				CLANG_WARN_COMMA = YES;
				CLANG_WARN_CONSTANT_CONVERSION = YES;
				CLANG_WARN_DEPRECATED_OBJC_IMPLEMENTATIONS = YES;
				CLANG_WARN_DIRECT_OBJC_ISA_USAGE = YES_ERROR;
				CLANG_WARN_DOCUMENTATION_COMMENTS = YES;
				CLANG_WARN_EMPTY_BODY = YES;
				CLANG_WARN_ENUM_CONVERSION = YES;
				CLANG_WARN_INFINITE_RECURSION = YES;
				CLANG_WARN_INT_CONVERSION = YES;
				CLANG_WARN_NON_LITERAL_NULL_CONVERSION = YES;
				CLANG_WARN_OBJC_IMPLICIT_RETAIN_SELF = YES;
				CLANG_WARN_OBJC_LITERAL_CONVERSION = YES;
				CLANG_WARN_OBJC_ROOT_CLASS = YES_ERROR;
				CLANG_WARN_RANGE_LOOP_ANALYSIS = YES;
				CLANG_WARN_STRICT_PROTOTYPES = YES;
				CLANG_WARN_SUSPICIOUS_MOVE = YES;
				CLANG_WARN_UNGUARDED_AVAILABILITY = YES_AGGRESSIVE;
				CLANG_WARN_UNREACHABLE_CODE = YES;
				CLANG_WARN__DUPLICATE_METHOD_MATCH = YES;
				COPY_PHASE_STRIP = NO;
				DEBUG_INFORMATION_FORMAT = dwarf;
				ENABLE_STRICT_OBJC_MSGSEND = YES;
				ENABLE_TESTABILITY = YES;
				GCC_C_LANGUAGE_STANDARD = gnu11;
				GCC_DYNAMIC_NO_PIC = NO;
				GCC_NO_COMMON_BLOCKS = YES;
				GCC_OPTIMIZATION_LEVEL = 0;
				GCC_PREPROCESSOR_DEFINITIONS = (
					"DEBUG=1",
					"$(inherited)",
				);
				GCC_WARN_64_TO_32_BIT_CONVERSION = YES;
				GCC_WARN_ABOUT_RETURN_TYPE = YES_ERROR;
				GCC_WARN_UNDECLARED_SELECTOR = YES;
				GCC_WARN_UNINITIALIZED_AUTOS = YES_AGGRESSIVE;
				GCC_WARN_UNUSED_FUNCTION = YES;
				GCC_WARN_UNUSED_VARIABLE = YES;
				IPHONEOS_DEPLOYMENT_TARGET = 13.2;
				MTL_ENABLE_DEBUG_INFO = INCLUDE_SOURCE;
				MTL_FAST_MATH = YES;
				ONLY_ACTIVE_ARCH = YES;
				SDKROOT = iphoneos;
				SWIFT_ACTIVE_COMPILATION_CONDITIONS = DEBUG;
				SWIFT_OPTIMIZATION_LEVEL = "-Onone";
			};
			name = Debug;
		};
		8582C46A2496EEC600E980C0 /* Release */ = {
			isa = XCBuildConfiguration;
			buildSettings = {
				ALWAYS_SEARCH_USER_PATHS = NO;
				CLANG_ANALYZER_NONNULL = YES;
				CLANG_ANALYZER_NUMBER_OBJECT_CONVERSION = YES_AGGRESSIVE;
				CLANG_CXX_LANGUAGE_STANDARD = "gnu++14";
				CLANG_CXX_LIBRARY = "libc++";
				CLANG_ENABLE_MODULES = YES;
				CLANG_ENABLE_OBJC_ARC = YES;
				CLANG_ENABLE_OBJC_WEAK = YES;
				CLANG_WARN_BLOCK_CAPTURE_AUTORELEASING = YES;
				CLANG_WARN_BOOL_CONVERSION = YES;
				CLANG_WARN_COMMA = YES;
				CLANG_WARN_CONSTANT_CONVERSION = YES;
				CLANG_WARN_DEPRECATED_OBJC_IMPLEMENTATIONS = YES;
				CLANG_WARN_DIRECT_OBJC_ISA_USAGE = YES_ERROR;
				CLANG_WARN_DOCUMENTATION_COMMENTS = YES;
				CLANG_WARN_EMPTY_BODY = YES;
				CLANG_WARN_ENUM_CONVERSION = YES;
				CLANG_WARN_INFINITE_RECURSION = YES;
				CLANG_WARN_INT_CONVERSION = YES;
				CLANG_WARN_NON_LITERAL_NULL_CONVERSION = YES;
				CLANG_WARN_OBJC_IMPLICIT_RETAIN_SELF = YES;
				CLANG_WARN_OBJC_LITERAL_CONVERSION = YES;
				CLANG_WARN_OBJC_ROOT_CLASS = YES_ERROR;
				CLANG_WARN_RANGE_LOOP_ANALYSIS = YES;
				CLANG_WARN_STRICT_PROTOTYPES = YES;
				CLANG_WARN_SUSPICIOUS_MOVE = YES;
				CLANG_WARN_UNGUARDED_AVAILABILITY = YES_AGGRESSIVE;
				CLANG_WARN_UNREACHABLE_CODE = YES;
				CLANG_WARN__DUPLICATE_METHOD_MATCH = YES;
				COPY_PHASE_STRIP = NO;
				DEBUG_INFORMATION_FORMAT = "dwarf-with-dsym";
				ENABLE_NS_ASSERTIONS = NO;
				ENABLE_STRICT_OBJC_MSGSEND = YES;
				GCC_C_LANGUAGE_STANDARD = gnu11;
				GCC_NO_COMMON_BLOCKS = YES;
				GCC_WARN_64_TO_32_BIT_CONVERSION = YES;
				GCC_WARN_ABOUT_RETURN_TYPE = YES_ERROR;
				GCC_WARN_UNDECLARED_SELECTOR = YES;
				GCC_WARN_UNINITIALIZED_AUTOS = YES_AGGRESSIVE;
				GCC_WARN_UNUSED_FUNCTION = YES;
				GCC_WARN_UNUSED_VARIABLE = YES;
				IPHONEOS_DEPLOYMENT_TARGET = 13.2;
				MTL_ENABLE_DEBUG_INFO = NO;
				MTL_FAST_MATH = YES;
				SDKROOT = iphoneos;
				SWIFT_COMPILATION_MODE = wholemodule;
				SWIFT_OPTIMIZATION_LEVEL = "-O";
				VALIDATE_PRODUCT = YES;
			};
			name = Release;
		};
		8582C46C2496EEC600E980C0 /* Debug */ = {
			isa = XCBuildConfiguration;
			buildSettings = {
				ASSETCATALOG_COMPILER_APPICON_NAME = AppIcon;
				CODE_SIGN_STYLE = Automatic;
				DEVELOPMENT_ASSET_PATHS = "\"FindTheAnswer/Preview Content\"";
				ENABLE_PREVIEWS = YES;
				INFOPLIST_FILE = FindTheAnswer/Info.plist;
				LD_RUNPATH_SEARCH_PATHS = (
					"$(inherited)",
					"@executable_path/Frameworks",
				);
				PRODUCT_BUNDLE_IDENTIFIER = mx.edu.itlalaguna.ios.b.16131269.FindTheAnswer;
				PRODUCT_NAME = "$(TARGET_NAME)";
				SWIFT_VERSION = 5.0;
				TARGETED_DEVICE_FAMILY = "1,2";
			};
			name = Debug;
		};
		8582C46D2496EEC600E980C0 /* Release */ = {
			isa = XCBuildConfiguration;
			buildSettings = {
				ASSETCATALOG_COMPILER_APPICON_NAME = AppIcon;
				CODE_SIGN_STYLE = Automatic;
				DEVELOPMENT_ASSET_PATHS = "\"FindTheAnswer/Preview Content\"";
				ENABLE_PREVIEWS = YES;
				INFOPLIST_FILE = FindTheAnswer/Info.plist;
				LD_RUNPATH_SEARCH_PATHS = (
					"$(inherited)",
					"@executable_path/Frameworks",
				);
				PRODUCT_BUNDLE_IDENTIFIER = mx.edu.itlalaguna.ios.b.16131269.FindTheAnswer;
				PRODUCT_NAME = "$(TARGET_NAME)";
				SWIFT_VERSION = 5.0;
				TARGETED_DEVICE_FAMILY = "1,2";
			};
			name = Release;
		};
/* End XCBuildConfiguration section */

/* Begin XCConfigurationList section */
		8582C4522496EEC100E980C0 /* Build configuration list for PBXProject "FindTheAnswer" */ = {
			isa = XCConfigurationList;
			buildConfigurations = (
				8582C4692496EEC600E980C0 /* Debug */,
				8582C46A2496EEC600E980C0 /* Release */,
			);
			defaultConfigurationIsVisible = 0;
			defaultConfigurationName = Release;
		};
		8582C46B2496EEC600E980C0 /* Build configuration list for PBXNativeTarget "FindTheAnswer" */ = {
			isa = XCConfigurationList;
			buildConfigurations = (
				8582C46C2496EEC600E980C0 /* Debug */,
				8582C46D2496EEC600E980C0 /* Release */,
			);
			defaultConfigurationIsVisible = 0;
			defaultConfigurationName = Release;
		};
/* End XCConfigurationList section */
	};
	rootObject = 8582C44F2496EEC100E980C0 /* Project object */;
}
